// !$*UTF8*$!
{
	archiveVersion = 1;
	classes = {
	};
	objectVersion = 50;
	objects = {

/* Begin PBXBuildFile section */
		75141F8024683F7B00ED282F /* Lato-Light.ttf in Resources */ = {isa = PBXBuildFile; fileRef = 75141F7F24683F7B00ED282F /* Lato-Light.ttf */; };
		75141F8224683F8600ED282F /* Lato-Bold.ttf in Resources */ = {isa = PBXBuildFile; fileRef = 75141F8124683F8600ED282F /* Lato-Bold.ttf */; };
		75141F84246883D400ED282F /* MenuController.swift in Sources */ = {isa = PBXBuildFile; fileRef = 75141F83246883D400ED282F /* MenuController.swift */; };
		75141F86246889B400ED282F /* VRViewController.swift in Sources */ = {isa = PBXBuildFile; fileRef = 75141F85246889B400ED282F /* VRViewController.swift */; };
		75284E9D2466B55900F39634 /* AppDelegate.swift in Sources */ = {isa = PBXBuildFile; fileRef = 75284E9C2466B55900F39634 /* AppDelegate.swift */; };
		75284EA12466B55900F39634 /* Experience.rcproject in Sources */ = {isa = PBXBuildFile; fileRef = 75284EA02466B55900F39634 /* Experience.rcproject */; };
		75284EA42466B55900F39634 /* Main.storyboard in Resources */ = {isa = PBXBuildFile; fileRef = 75284EA22466B55900F39634 /* Main.storyboard */; };
		75284EA62466B55C00F39634 /* Assets.xcassets in Resources */ = {isa = PBXBuildFile; fileRef = 75284EA52466B55C00F39634 /* Assets.xcassets */; };
		75284EA92466B55C00F39634 /* LaunchScreen.storyboard in Resources */ = {isa = PBXBuildFile; fileRef = 75284EA72466B55C00F39634 /* LaunchScreen.storyboard */; };
		75284EB12466BA8C00F39634 /* ViewController2.swift in Sources */ = {isa = PBXBuildFile; fileRef = 75284EB02466BA8C00F39634 /* ViewController2.swift */; };
/* End PBXBuildFile section */

/* Begin PBXFileReference section */
		75141F7F24683F7B00ED282F /* Lato-Light.ttf */ = {isa = PBXFileReference; lastKnownFileType = file; path = "Lato-Light.ttf"; sourceTree = "<group>"; };
		75141F8124683F8600ED282F /* Lato-Bold.ttf */ = {isa = PBXFileReference; lastKnownFileType = file; path = "Lato-Bold.ttf"; sourceTree = "<group>"; };
		75141F83246883D400ED282F /* MenuController.swift */ = {isa = PBXFileReference; lastKnownFileType = sourcecode.swift; path = MenuController.swift; sourceTree = "<group>"; };
		75141F85246889B400ED282F /* VRViewController.swift */ = {isa = PBXFileReference; lastKnownFileType = sourcecode.swift; path = VRViewController.swift; sourceTree = "<group>"; };
		75284E992466B55900F39634 /* MewtwoAR.app */ = {isa = PBXFileReference; explicitFileType = wrapper.application; includeInIndex = 0; path = MewtwoAR.app; sourceTree = BUILT_PRODUCTS_DIR; };
		75284E9C2466B55900F39634 /* AppDelegate.swift */ = {isa = PBXFileReference; lastKnownFileType = sourcecode.swift; path = AppDelegate.swift; sourceTree = "<group>"; };
		75284EA02466B55900F39634 /* Experience.rcproject */ = {isa = PBXFileReference; lastKnownFileType = file.rcproject; path = Experience.rcproject; sourceTree = "<group>"; };
		75284EA32466B55900F39634 /* Base */ = {isa = PBXFileReference; lastKnownFileType = file.storyboard; name = Base; path = Base.lproj/Main.storyboard; sourceTree = "<group>"; };
		75284EA52466B55C00F39634 /* Assets.xcassets */ = {isa = PBXFileReference; lastKnownFileType = folder.assetcatalog; path = Assets.xcassets; sourceTree = "<group>"; };
		75284EA82466B55C00F39634 /* Base */ = {isa = PBXFileReference; lastKnownFileType = file.storyboard; name = Base; path = Base.lproj/LaunchScreen.storyboard; sourceTree = "<group>"; };
		75284EAA2466B55C00F39634 /* Info.plist */ = {isa = PBXFileReference; lastKnownFileType = text.plist.xml; path = Info.plist; sourceTree = "<group>"; };
		75284EB02466BA8C00F39634 /* ViewController2.swift */ = {isa = PBXFileReference; lastKnownFileType = sourcecode.swift; path = ViewController2.swift; sourceTree = "<group>"; };
/* End PBXFileReference section */

/* Begin PBXFrameworksBuildPhase section */
		75284E962466B55900F39634 /* Frameworks */ = {
			isa = PBXFrameworksBuildPhase;
			buildActionMask = 2147483647;
			files = (
			);
			runOnlyForDeploymentPostprocessing = 0;
		};
/* End PBXFrameworksBuildPhase section */

/* Begin PBXGroup section */
		75141F7C24683F4200ED282F /* Fonts */ = {
			isa = PBXGroup;
			children = (
				75141F8124683F8600ED282F /* Lato-Bold.ttf */,
				75141F7F24683F7B00ED282F /* Lato-Light.ttf */,
			);
			path = Fonts;
			sourceTree = "<group>";
		};
		75284E902466B55900F39634 = {
			isa = PBXGroup;
			children = (
				75284E9B2466B55900F39634 /* MewtwoAR */,
				75284E9A2466B55900F39634 /* Products */,
			);
			sourceTree = "<group>";
		};
		75284E9A2466B55900F39634 /* Products */ = {
			isa = PBXGroup;
			children = (
				75284E992466B55900F39634 /* MewtwoAR.app */,
			);
			name = Products;
			sourceTree = "<group>";
		};
		75284E9B2466B55900F39634 /* MewtwoAR */ = {
			isa = PBXGroup;
			children = (
				75284E9C2466B55900F39634 /* AppDelegate.swift */,
				75284EA02466B55900F39634 /* Experience.rcproject */,
				75284EA22466B55900F39634 /* Main.storyboard */,
				75141F83246883D400ED282F /* MenuController.swift */,
				75141F85246889B400ED282F /* VRViewController.swift */,
				75284EB02466BA8C00F39634 /* ViewController2.swift */,
				75284EA52466B55C00F39634 /* Assets.xcassets */,
				75284EA72466B55C00F39634 /* LaunchScreen.storyboard */,
				75284EAA2466B55C00F39634 /* Info.plist */,
				75141F7C24683F4200ED282F /* Fonts */,
			);
			path = MewtwoAR;
			sourceTree = "<group>";
		};
/* End PBXGroup section */

/* Begin PBXNativeTarget section */
		75284E982466B55900F39634 /* MewtwoAR */ = {
			isa = PBXNativeTarget;
			buildConfigurationList = 75284EAD2466B55C00F39634 /* Build configuration list for PBXNativeTarget "MewtwoAR" */;
			buildPhases = (
				75284E952466B55900F39634 /* Sources */,
				75284E962466B55900F39634 /* Frameworks */,
				75284E972466B55900F39634 /* Resources */,
			);
			buildRules = (
			);
			dependencies = (
			);
			name = MewtwoAR;
			productName = MewtwoAR;
			productReference = 75284E992466B55900F39634 /* MewtwoAR.app */;
			productType = "com.apple.product-type.application";
		};
/* End PBXNativeTarget section */

/* Begin PBXProject section */
		75284E912466B55900F39634 /* Project object */ = {
			isa = PBXProject;
			attributes = {
				LastSwiftUpdateCheck = 1130;
				LastUpgradeCheck = 1130;
				ORGANIZATIONNAME = "Abrège";
				TargetAttributes = {
					75284E982466B55900F39634 = {
						CreatedOnToolsVersion = 11.3.1;
					};
				};
			};
			buildConfigurationList = 75284E942466B55900F39634 /* Build configuration list for PBXProject "MewtwoAR" */;
			compatibilityVersion = "Xcode 9.3";
			developmentRegion = en;
			hasScannedForEncodings = 0;
			knownRegions = (
				en,
				Base,
			);
			mainGroup = 75284E902466B55900F39634;
			productRefGroup = 75284E9A2466B55900F39634 /* Products */;
			projectDirPath = "";
			projectRoot = "";
			targets = (
				75284E982466B55900F39634 /* MewtwoAR */,
			);
		};
/* End PBXProject section */

/* Begin PBXResourcesBuildPhase section */
		75284E972466B55900F39634 /* Resources */ = {
			isa = PBXResourcesBuildPhase;
			buildActionMask = 2147483647;
			files = (
				75284EA92466B55C00F39634 /* LaunchScreen.storyboard in Resources */,
				75141F8224683F8600ED282F /* Lato-Bold.ttf in Resources */,
				75284EA62466B55C00F39634 /* Assets.xcassets in Resources */,
				75284EA42466B55900F39634 /* Main.storyboard in Resources */,
				75141F8024683F7B00ED282F /* Lato-Light.ttf in Resources */,
			);
			runOnlyForDeploymentPostprocessing = 0;
		};
/* End PBXResourcesBuildPhase section */

/* Begin PBXSourcesBuildPhase section */
		75284E952466B55900F39634 /* Sources */ = {
			isa = PBXSourcesBuildPhase;
			buildActionMask = 2147483647;
			files = (
				75141F84246883D400ED282F /* MenuController.swift in Sources */,
				75284EB12466BA8C00F39634 /* ViewController2.swift in Sources */,
				75284E9D2466B55900F39634 /* AppDelegate.swift in Sources */,
				75284EA12466B55900F39634 /* Experience.rcproject in Sources */,
				75141F86246889B400ED282F /* VRViewController.swift in Sources */,
			);
			runOnlyForDeploymentPostprocessing = 0;
		};
/* End PBXSourcesBuildPhase section */

/* Begin PBXVariantGroup section */
		75284EA22466B55900F39634 /* Main.storyboard */ = {
			isa = PBXVariantGroup;
			children = (
				75284EA32466B55900F39634 /* Base */,
			);
			name = Main.storyboard;
			sourceTree = "<group>";
		};
		75284EA72466B55C00F39634 /* LaunchScreen.storyboard */ = {
			isa = PBXVariantGroup;
			children = (
				75284EA82466B55C00F39634 /* Base */,
			);
			name = LaunchScreen.storyboard;
			sourceTree = "<group>";
		};
/* End PBXVariantGroup section */

/* Begin XCBuildConfiguration section */
		75284EAB2466B55C00F39634 /* Debug */ = {
			isa = XCBuildConfiguration;
			buildSettings = {
				ALWAYS_SEARCH_USER_PATHS = NO;
				CLANG_ANALYZER_NONNULL = YES;
				CLANG_ANALYZER_NUMBER_OBJECT_CONVERSION = YES_AGGRESSIVE;
				CLANG_CXX_LANGUAGE_STANDARD = "gnu++14";
				CLANG_CXX_LIBRARY = "libc++";
				CLANG_ENABLE_MODULES = YES;
				CLANG_ENABLE_OBJC_ARC = YES;
				CLANG_ENABLE_OBJC_WEAK = YES;
				CLANG_WARN_BLOCK_CAPTURE_AUTORELEASING = YES;
				CLANG_WARN_BOOL_CONVERSION = YES;
				CLANG_WARN_COMMA = YES;
				CLANG_WARN_CONSTANT_CONVERSION = YES;
				CLANG_WARN_DEPRECATED_OBJC_IMPLEMENTATIONS = YES;
				CLANG_WARN_DIRECT_OBJC_ISA_USAGE = YES_ERROR;
				CLANG_WARN_DOCUMENTATION_COMMENTS = YES;
				CLANG_WARN_EMPTY_BODY = YES;
				CLANG_WARN_ENUM_CONVERSION = YES;
				CLANG_WARN_INFINITE_RECURSION = YES;
				CLANG_WARN_INT_CONVERSION = YES;
				CLANG_WARN_NON_LITERAL_NULL_CONVERSION = YES;
				CLANG_WARN_OBJC_IMPLICIT_RETAIN_SELF = YES;
				CLANG_WARN_OBJC_LITERAL_CONVERSION = YES;
				CLANG_WARN_OBJC_ROOT_CLASS = YES_ERROR;
				CLANG_WARN_RANGE_LOOP_ANALYSIS = YES;
				CLANG_WARN_STRICT_PROTOTYPES = YES;
				CLANG_WARN_SUSPICIOUS_MOVE = YES;
				CLANG_WARN_UNGUARDED_AVAILABILITY = YES_AGGRESSIVE;
				CLANG_WARN_UNREACHABLE_CODE = YES;
				CLANG_WARN__DUPLICATE_METHOD_MATCH = YES;
				COPY_PHASE_STRIP = NO;
				DEBUG_INFORMATION_FORMAT = dwarf;
				ENABLE_STRICT_OBJC_MSGSEND = YES;
				ENABLE_TESTABILITY = YES;
				GCC_C_LANGUAGE_STANDARD = gnu11;
				GCC_DYNAMIC_NO_PIC = NO;
				GCC_NO_COMMON_BLOCKS = YES;
				GCC_OPTIMIZATION_LEVEL = 0;
				GCC_PREPROCESSOR_DEFINITIONS = (
					"DEBUG=1",
					"$(inherited)",
				);
				GCC_WARN_64_TO_32_BIT_CONVERSION = YES;
				GCC_WARN_ABOUT_RETURN_TYPE = YES_ERROR;
				GCC_WARN_UNDECLARED_SELECTOR = YES;
				GCC_WARN_UNINITIALIZED_AUTOS = YES_AGGRESSIVE;
				GCC_WARN_UNUSED_FUNCTION = YES;
				GCC_WARN_UNUSED_VARIABLE = YES;
				IPHONEOS_DEPLOYMENT_TARGET = 13.2;
				MTL_ENABLE_DEBUG_INFO = INCLUDE_SOURCE;
				MTL_FAST_MATH = YES;
				ONLY_ACTIVE_ARCH = YES;
				SDKROOT = iphoneos;
				SWIFT_ACTIVE_COMPILATION_CONDITIONS = DEBUG;
				SWIFT_OPTIMIZATION_LEVEL = "-Onone";
			};
			name = Debug;
		};
		75284EAC2466B55C00F39634 /* Release */ = {
			isa = XCBuildConfiguration;
			buildSettings = {
				ALWAYS_SEARCH_USER_PATHS = NO;
				CLANG_ANALYZER_NONNULL = YES;
				CLANG_ANALYZER_NUMBER_OBJECT_CONVERSION = YES_AGGRESSIVE;
				CLANG_CXX_LANGUAGE_STANDARD = "gnu++14";
				CLANG_CXX_LIBRARY = "libc++";
				CLANG_ENABLE_MODULES = YES;
				CLANG_ENABLE_OBJC_ARC = YES;
				CLANG_ENABLE_OBJC_WEAK = YES;
				CLANG_WARN_BLOCK_CAPTURE_AUTORELEASING = YES;
				CLANG_WARN_BOOL_CONVERSION = YES;
				CLANG_WARN_COMMA = YES;
				CLANG_WARN_CONSTANT_CONVERSION = YES;
				CLANG_WARN_DEPRECATED_OBJC_IMPLEMENTATIONS = YES;
				CLANG_WARN_DIRECT_OBJC_ISA_USAGE = YES_ERROR;
				CLANG_WARN_DOCUMENTATION_COMMENTS = YES;
				CLANG_WARN_EMPTY_BODY = YES;
				CLANG_WARN_ENUM_CONVERSION = YES;
				CLANG_WARN_INFINITE_RECURSION = YES;
				CLANG_WARN_INT_CONVERSION = YES;
				CLANG_WARN_NON_LITERAL_NULL_CONVERSION = YES;
				CLANG_WARN_OBJC_IMPLICIT_RETAIN_SELF = YES;
				CLANG_WARN_OBJC_LITERAL_CONVERSION = YES;
				CLANG_WARN_OBJC_ROOT_CLASS = YES_ERROR;
				CLANG_WARN_RANGE_LOOP_ANALYSIS = YES;
				CLANG_WARN_STRICT_PROTOTYPES = YES;
				CLANG_WARN_SUSPICIOUS_MOVE = YES;
				CLANG_WARN_UNGUARDED_AVAILABILITY = YES_AGGRESSIVE;
				CLANG_WARN_UNREACHABLE_CODE = YES;
				CLANG_WARN__DUPLICATE_METHOD_MATCH = YES;
				COPY_PHASE_STRIP = NO;
				DEBUG_INFORMATION_FORMAT = "dwarf-with-dsym";
				ENABLE_NS_ASSERTIONS = NO;
				ENABLE_STRICT_OBJC_MSGSEND = YES;
				GCC_C_LANGUAGE_STANDARD = gnu11;
				GCC_NO_COMMON_BLOCKS = YES;
				GCC_WARN_64_TO_32_BIT_CONVERSION = YES;
				GCC_WARN_ABOUT_RETURN_TYPE = YES_ERROR;
				GCC_WARN_UNDECLARED_SELECTOR = YES;
				GCC_WARN_UNINITIALIZED_AUTOS = YES_AGGRESSIVE;
				GCC_WARN_UNUSED_FUNCTION = YES;
				GCC_WARN_UNUSED_VARIABLE = YES;
				IPHONEOS_DEPLOYMENT_TARGET = 13.2;
				MTL_ENABLE_DEBUG_INFO = NO;
				MTL_FAST_MATH = YES;
				SDKROOT = iphoneos;
				SWIFT_COMPILATION_MODE = wholemodule;
				SWIFT_OPTIMIZATION_LEVEL = "-O";
				VALIDATE_PRODUCT = YES;
			};
			name = Release;
		};
		75284EAE2466B55C00F39634 /* Debug */ = {
			isa = XCBuildConfiguration;
			buildSettings = {
				ASSETCATALOG_COMPILER_APPICON_NAME = AppIcon;
				CODE_SIGN_STYLE = Automatic;
				DEVELOPMENT_TEAM = Z7KF4PD8MN;
				INFOPLIST_FILE = MewtwoAR/Info.plist;
				LD_RUNPATH_SEARCH_PATHS = (
					"$(inherited)",
					"@executable_path/Frameworks",
				);
				PRODUCT_BUNDLE_IDENTIFIER = tsoriano.MewtwoAR;
				PRODUCT_NAME = "$(TARGET_NAME)";
				SWIFT_VERSION = 5.0;
				TARGETED_DEVICE_FAMILY = "1,2";
			};
			name = Debug;
		};
		75284EAF2466B55C00F39634 /* Release */ = {
			isa = XCBuildConfiguration;
			buildSettings = {
				ASSETCATALOG_COMPILER_APPICON_NAME = AppIcon;
				CODE_SIGN_STYLE = Automatic;
				DEVELOPMENT_TEAM = Z7KF4PD8MN;
				INFOPLIST_FILE = MewtwoAR/Info.plist;
				LD_RUNPATH_SEARCH_PATHS = (
					"$(inherited)",
					"@executable_path/Frameworks",
				);
				PRODUCT_BUNDLE_IDENTIFIER = tsoriano.MewtwoAR;
				PRODUCT_NAME = "$(TARGET_NAME)";
				SWIFT_VERSION = 5.0;
				TARGETED_DEVICE_FAMILY = "1,2";
			};
			name = Release;
		};
/* End XCBuildConfiguration section */

/* Begin XCConfigurationList section */
		75284E942466B55900F39634 /* Build configuration list for PBXProject "MewtwoAR" */ = {
			isa = XCConfigurationList;
			buildConfigurations = (
				75284EAB2466B55C00F39634 /* Debug */,
				75284EAC2466B55C00F39634 /* Release */,
			);
			defaultConfigurationIsVisible = 0;
			defaultConfigurationName = Release;
		};
		75284EAD2466B55C00F39634 /* Build configuration list for PBXNativeTarget "MewtwoAR" */ = {
			isa = XCConfigurationList;
			buildConfigurations = (
				75284EAE2466B55C00F39634 /* Debug */,
				75284EAF2466B55C00F39634 /* Release */,
			);
			defaultConfigurationIsVisible = 0;
			defaultConfigurationName = Release;
		};
/* End XCConfigurationList section */
	};
	rootObject = 75284E912466B55900F39634 /* Project object */;
}
